
Microsoft Visual Studio Solution File, Format Version 12.00
# Visual Studio Version 17
VisualStudioVersion = 17.11.35312.102
MinimumVisualStudioVersion = 10.0.40219.1
Project("{F184B08F-C81C-45F6-A57F-5ABD9991F28F}") = "Marks", "Marks\Marks.vbproj", "{9E4CACBE-0AB9-4FC3-AA48-B18BE5D13F65}"
EndProject
Global
	GlobalSection(SolutionConfigurationPlatforms) = preSolution
		Debug|Any CPU = Debug|Any CPU
		Release|Any CPU = Release|Any CPU
	EndGlobalSection
	GlobalSection(ProjectConfigurationPlatforms) = postSolution
		{9E4CACBE-0AB9-4FC3-AA48-B18BE5D13F65}.Debug|Any CPU.ActiveCfg = Debug|Any CPU
		{9E4CACBE-0AB9-4FC3-AA48-B18BE5D13F65}.Debug|Any CPU.Build.0 = Debug|Any CPU
		{9E4CACBE-0AB9-4FC3-AA48-B18BE5D13F65}.Release|Any CPU.ActiveCfg = Release|Any CPU
		{9E4CACBE-0AB9-4FC3-AA48-B18BE5D13F65}.Release|Any CPU.Build.0 = Release|Any CPU
	EndGlobalSection
	GlobalSection(SolutionProperties) = preSolution
		HideSolutionNode = FALSE
	EndGlobalSection
	GlobalSection(ExtensibilityGlobals) = postSolution
		SolutionGuid = {2ABDAD43-36BD-45A7-AA91-A331B7D58190}
	EndGlobalSection
EndGlobal
